{
  "name": "email-template-processor",
  "version": "1.0.0",
  "lockfileVersion": 3,
  "requires": true,
  "packages": {
    "": {
      "name": "email-template-processor",
      "version": "1.0.0",
      "dependencies": {
        "@aws-sdk/client-s3": "^3.400.0",
        "@aws-sdk/client-sns": "^3.400.0",
        "@aws-sdk/client-ses": "^3.400.0",
        "pg": "^8.11.3"
      }
    }
  }
} 